# THIS IS AN AUTOGENERATED FILE. DO NOT EDIT THIS FILE DIRECTLY.
# yarn lockfile v1


simple-library-junnak@^0.0.4:
  version "0.0.4"
  resolved "https://registry.yarnpkg.com/simple-library-junnak/-/simple-library-junnak-0.0.4.tgz#b8cac838862cbd754f2840ef8ec67b640c1096c2"
  integrity sha512-nGm/5+sGTMv0zi/Amss6+ZqPbeF7oj+K6yBTn3suPwE+xovYQ9yJBgNea9CJHiHbCZF1ysokpXzp9D2rJz4fRQ==
