# THIS IS AN AUTOGENERATED FILE. DO NOT EDIT THIS FILE DIRECTLY.
# yarn lockfile v1


commander@^12.1.0:
  version "12.1.0"
  resolved "https://registry.yarnpkg.com/commander/-/commander-12.1.0.tgz#01423b36f501259fdaac4d0e4d60c96c991585d3"
  integrity sha512-Vw8qHK3bZM9y/P10u3Vib8o/DdkvA2OtPtZvD871QKjy74Wj1WSKFILMPRPSdUSx5RFK1arlJzEtA4PkFgnbuA==

simple-library-junnak@^1.0.1:
  version "1.0.1"
  resolved "https://registry.yarnpkg.com/simple-library-junnak/-/simple-library-junnak-1.0.1.tgz#0c7be8e69fb08ae39b0b7087f08ca9cd6b834953"
  integrity sha512-+UJnXcFZbTXBOcSQEMLFPrfBUF2wdR8sh4xp3ICgmkGw/LBsBlvE5l4tCqOKVuzbvPWLdYRBfy1041NqqaXKGw==
