# THIS IS AN AUTOGENERATED FILE. DO NOT EDIT THIS FILE DIRECTLY.
# yarn lockfile v1


simple-library-junnak@^0.0.1:
  version "0.0.1"
  resolved "https://registry.yarnpkg.com/simple-library-junnak/-/simple-library-junnak-0.0.1.tgz#ec1428e5446d4159c531665fffacda58be371043"
  integrity sha512-NqVmUvrqD3Jk5r24KJ/lpKOKlf0oXpIsKjhnZ7cdpP/PYKg6flM4AycJutESnVoH6XH4eLU+lvdGqbtaSL3j5Q==
