# THIS IS AN AUTOGENERATED FILE. DO NOT EDIT THIS FILE DIRECTLY.
# yarn lockfile v1


simple-library-junnak@^0.0.3:
  version "0.0.3"
  resolved "https://registry.yarnpkg.com/simple-library-junnak/-/simple-library-junnak-0.0.3.tgz#493ed6b0223f727fef4d1af04a2b19ebcf168353"
  integrity sha512-ktfmPBV+gA4Kd/DV51ModEtPiabRhGNyjQBeOLCTcNV3sx8F0be8E9FtPTgNc8sJHfNm0nD4xkLZL95rGUgGbQ==
